
Microsoft Visual Studio Solution File, Format Version 12.00
# Visual Studio 15
VisualStudioVersion = 15.0.28307.2017
MinimumVisualStudioVersion = 10.0.40219.1
Project("{FAE04EC0-301F-11D3-BF4B-00C04F79EFBC}") = "PintoChat-Client", "PintoChat-Client\PintoChat-Client.csproj", "{22D84D1C-F944-49C3-9429-F7DE44BF9AC3}"
EndProject
Global
	GlobalSection(SolutionConfigurationPlatforms) = preSolution
		Debug|Any CPU = Debug|Any CPU
		Release|Any CPU = Release|Any CPU
	EndGlobalSection
	GlobalSection(ProjectConfigurationPlatforms) = postSolution
		{22D84D1C-F944-49C3-9429-F7DE44BF9AC3}.Debug|Any CPU.ActiveCfg = Debug|Any CPU
		{22D84D1C-F944-49C3-9429-F7DE44BF9AC3}.Debug|Any CPU.Build.0 = Debug|Any CPU
		{22D84D1C-F944-49C3-9429-F7DE44BF9AC3}.Release|Any CPU.ActiveCfg = Release|Any CPU
		{22D84D1C-F944-49C3-9429-F7DE44BF9AC3}.Release|Any CPU.Build.0 = Release|Any CPU
	EndGlobalSection
	GlobalSection(SolutionProperties) = preSolution
		HideSolutionNode = FALSE
	EndGlobalSection
	GlobalSection(ExtensibilityGlobals) = postSolution
		SolutionGuid = {788658F9-CEF2-4928-8660-767493D40B51}
	EndGlobalSection
EndGlobal
